
Microsoft Visual Studio Solution File, Format Version 12.00
# Visual Studio Version 16
VisualStudioVersion = 16.0.29418.71
MinimumVisualStudioVersion = 10.0.40219.1
Project("{9A19103F-16F7-4668-BE54-9A1E7A4F7556}") = "Voyage.Api", "Voyage.Api\Voyage.Api.csproj", "{1CDA52D8-FDA6-4A59-844A-366AC4B22D72}"
EndProject
Project("{9A19103F-16F7-4668-BE54-9A1E7A4F7556}") = "Voyage.Common", "Voyage.Common\Voyage.Common.csproj", "{F4A48B30-6844-4BCD-B91C-22FD52B4FCEC}"
EndProject
Project("{00D1A9C2-B5F0-4AF3-8072-F6C62B433612}") = "Voyage.Database", "Voyage.Database\Voyage.Database.sqlproj", "{C9C656C8-2106-477D-9F88-A7B617F40396}"
EndProject
Global
	GlobalSection(SolutionConfigurationPlatforms) = preSolution
		Debug|Any CPU = Debug|Any CPU
		Release|Any CPU = Release|Any CPU
	EndGlobalSection
	GlobalSection(ProjectConfigurationPlatforms) = postSolution
		{1CDA52D8-FDA6-4A59-844A-366AC4B22D72}.Debug|Any CPU.ActiveCfg = Debug|Any CPU
		{1CDA52D8-FDA6-4A59-844A-366AC4B22D72}.Debug|Any CPU.Build.0 = Debug|Any CPU
		{1CDA52D8-FDA6-4A59-844A-366AC4B22D72}.Release|Any CPU.ActiveCfg = Release|Any CPU
		{1CDA52D8-FDA6-4A59-844A-366AC4B22D72}.Release|Any CPU.Build.0 = Release|Any CPU
		{F4A48B30-6844-4BCD-B91C-22FD52B4FCEC}.Debug|Any CPU.ActiveCfg = Debug|Any CPU
		{F4A48B30-6844-4BCD-B91C-22FD52B4FCEC}.Debug|Any CPU.Build.0 = Debug|Any CPU
		{F4A48B30-6844-4BCD-B91C-22FD52B4FCEC}.Release|Any CPU.ActiveCfg = Release|Any CPU
		{F4A48B30-6844-4BCD-B91C-22FD52B4FCEC}.Release|Any CPU.Build.0 = Release|Any CPU
		{C9C656C8-2106-477D-9F88-A7B617F40396}.Debug|Any CPU.ActiveCfg = Debug|Any CPU
		{C9C656C8-2106-477D-9F88-A7B617F40396}.Debug|Any CPU.Build.0 = Debug|Any CPU
		{C9C656C8-2106-477D-9F88-A7B617F40396}.Debug|Any CPU.Deploy.0 = Debug|Any CPU
		{C9C656C8-2106-477D-9F88-A7B617F40396}.Release|Any CPU.ActiveCfg = Release|Any CPU
		{C9C656C8-2106-477D-9F88-A7B617F40396}.Release|Any CPU.Build.0 = Release|Any CPU
		{C9C656C8-2106-477D-9F88-A7B617F40396}.Release|Any CPU.Deploy.0 = Release|Any CPU
	EndGlobalSection
	GlobalSection(SolutionProperties) = preSolution
		HideSolutionNode = FALSE
	EndGlobalSection
	GlobalSection(ExtensibilityGlobals) = postSolution
		SolutionGuid = {FF08B600-CFEB-45DA-95A5-B9F6A8796536}
	EndGlobalSection
EndGlobal
